
Microsoft Visual Studio Solution File, Format Version 12.00
# Visual Studio 15
VisualStudioVersion = 15.0.26020.0
MinimumVisualStudioVersion = 10.0.40219.1
Project("{E24C65DC-7377-472B-9ABA-BC803B73C61A}") = "ProductionStatistics", ".", "{6BA29344-1959-41F2-861D-BDB2A0900126}"
	ProjectSection(WebsiteProperties) = preProject
		TargetFrameworkMoniker = ".NETFramework,Version%3Dv4.0"
		Debug.AspNetCompiler.VirtualPath = "/localhost_51093"
		Debug.AspNetCompiler.PhysicalPath = "..\ProductionStatistics\"
		Debug.AspNetCompiler.TargetPath = "PrecompiledWeb\localhost_51093\"
		Debug.AspNetCompiler.Updateable = "true"
		Debug.AspNetCompiler.ForceOverwrite = "true"
		Debug.AspNetCompiler.FixedNames = "false"
		Debug.AspNetCompiler.Debug = "True"
		Release.AspNetCompiler.VirtualPath = "/localhost_51093"
		Release.AspNetCompiler.PhysicalPath = "..\ProductionStatistics\"
		Release.AspNetCompiler.TargetPath = "PrecompiledWeb\localhost_51093\"
		Release.AspNetCompiler.Updateable = "true"
		Release.AspNetCompiler.ForceOverwrite = "true"
		Release.AspNetCompiler.FixedNames = "false"
		Release.AspNetCompiler.Debug = "False"
		VWDPort = "51093"
		SlnRelativePath = "..\ProductionStatistics\"
	EndProjectSection
EndProject
Global
	GlobalSection(SolutionConfigurationPlatforms) = preSolution
		Debug|Any CPU = Debug|Any CPU
	EndGlobalSection
	GlobalSection(ProjectConfigurationPlatforms) = postSolution
		{6BA29344-1959-41F2-861D-BDB2A0900126}.Debug|Any CPU.ActiveCfg = Debug|Any CPU
		{6BA29344-1959-41F2-861D-BDB2A0900126}.Debug|Any CPU.Build.0 = Debug|Any CPU
	EndGlobalSection
	GlobalSection(SolutionProperties) = preSolution
		HideSolutionNode = FALSE
	EndGlobalSection
EndGlobal
